
Microsoft Visual Studio Solution File, Format Version 12.00
# Visual Studio Version 17
VisualStudioVersion = 17.14.36603.0 d17.14
MinimumVisualStudioVersion = 10.0.40219.1
Project("{FAE04EC0-301F-11D3-BF4B-00C04F79EFBC}") = "ProjectPRG282", "ProjectPRG282.csproj", "{B4F7A954-4697-432F-B0F0-0B9884FC77F6}"
EndProject
Global
	GlobalSection(SolutionConfigurationPlatforms) = preSolution
		Debug|Any CPU = Debug|Any CPU
		Release|Any CPU = Release|Any CPU
	EndGlobalSection
	GlobalSection(ProjectConfigurationPlatforms) = postSolution
		{B4F7A954-4697-432F-B0F0-0B9884FC77F6}.Debug|Any CPU.ActiveCfg = Debug|Any CPU
		{B4F7A954-4697-432F-B0F0-0B9884FC77F6}.Debug|Any CPU.Build.0 = Debug|Any CPU
		{B4F7A954-4697-432F-B0F0-0B9884FC77F6}.Release|Any CPU.ActiveCfg = Release|Any CPU
		{B4F7A954-4697-432F-B0F0-0B9884FC77F6}.Release|Any CPU.Build.0 = Release|Any CPU
	EndGlobalSection
	GlobalSection(SolutionProperties) = preSolution
		HideSolutionNode = FALSE
	EndGlobalSection
	GlobalSection(ExtensibilityGlobals) = postSolution
		SolutionGuid = {62960FBA-EAD6-4476-A82E-3C262EBBA4C0}
	EndGlobalSection
EndGlobal
